((alert :source "elpaca-menu-lock-file" :recipe
	(:package "alert" :fetcher github :repo "jwiegley/alert"
		  :files
		  ("*.el" "*.el.in" "dir" "*.info" "*.texi"
		   "*.texinfo" "doc/dir" "doc/*.info" "doc/*.texi"
		   "doc/*.texinfo" "lisp/*.el" "docs/dir"
		   "docs/*.info" "docs/*.texi" "docs/*.texinfo"
		   (:exclude ".dir-locals.el" "test.el" "tests.el"
			     "*-test.el" "*-tests.el" "LICENSE"
			     "README*" "*-pkg.el"))
		  :source "MELPA" :protocol https :inherit t :depth
		  treeless :ref
		  "7774b5fd2feb98d4910ff06435d08c19fba93e26"))
 (async :source "elpaca-menu-lock-file" :recipe
	(:package "async" :repo "jwiegley/emacs-async" :fetcher github
		  :files
		  ("*.el" "*.el.in" "dir" "*.info" "*.texi"
		   "*.texinfo" "doc/dir" "doc/*.info" "doc/*.texi"
		   "doc/*.texinfo" "lisp/*.el" "docs/dir"
		   "docs/*.info" "docs/*.texi" "docs/*.texinfo"
		   (:exclude ".dir-locals.el" "test.el" "tests.el"
			     "*-test.el" "*-tests.el" "LICENSE"
			     "README*" "*-pkg.el"))
		  :source "MELPA" :protocol https :inherit t :depth
		  treeless :ref
		  "bb3f31966ed65a76abe6fa4f80a960a2917f554e"))
 (biome :source "elpaca-menu-lock-file" :recipe
	(:package "biome" :fetcher github :repo "SqrtMinusOne/biome"
		  :files
		  ("*.el" "*.el.in" "dir" "*.info" "*.texi"
		   "*.texinfo" "doc/dir" "doc/*.info" "doc/*.texi"
		   "doc/*.texinfo" "lisp/*.el" "docs/dir"
		   "docs/*.info" "docs/*.texi" "docs/*.texinfo"
		   (:exclude ".dir-locals.el" "test.el" "tests.el"
			     "*-test.el" "*-tests.el" "LICENSE"
			     "README*" "*-pkg.el"))
		  :source "MELPA" :protocol https :inherit t :depth
		  treeless :ref
		  "ddefc33ef572978f84e0abc7aa1d49aa02b24b6a"))
 (consult :source "elpaca-menu-lock-file" :recipe
	  (:package "consult" :repo "minad/consult" :fetcher github
		    :files
		    ("*.el" "*.el.in" "dir" "*.info" "*.texi"
		     "*.texinfo" "doc/dir" "doc/*.info" "doc/*.texi"
		     "doc/*.texinfo" "lisp/*.el" "docs/dir"
		     "docs/*.info" "docs/*.texi" "docs/*.texinfo"
		     (:exclude ".dir-locals.el" "test.el" "tests.el"
			       "*-test.el" "*-tests.el" "LICENSE"
			       "README*" "*-pkg.el"))
		    :source "MELPA" :protocol https :inherit t :depth
		    treeless :ref
		    "59fd94d147503e519631077369a60719763e7f33"))
 (consult-denote :source "elpaca-menu-lock-file" :recipe
		 (:package "consult-denote" :repo
			   ("https://github.com/protesilaos/consult-denote"
			    . "consult-denote")
			   :files ("*" (:exclude ".git")) :source
			   "GNU ELPA" :protocol https :inherit t
			   :depth treeless :ref
			   "4d597df71d6661bb7dfc7482f218eecf6eb22f54"))
 (ct :source "elpaca-menu-lock-file" :recipe
     (:package "ct" :fetcher github :repo "neeasade/ct.el" :files
	       ("*.el" "*.el.in" "dir" "*.info" "*.texi" "*.texinfo"
		"doc/dir" "doc/*.info" "doc/*.texi" "doc/*.texinfo"
		"lisp/*.el" "docs/dir" "docs/*.info" "docs/*.texi"
		"docs/*.texinfo"
		(:exclude ".dir-locals.el" "test.el" "tests.el"
			  "*-test.el" "*-tests.el" "LICENSE" "README*"
			  "*-pkg.el"))
	       :source "MELPA" :protocol https :inherit t :depth
	       treeless :ref
	       "e3d082136e06c0ec777ab032bec5a785239f412b"))
 (dash :source "elpaca-menu-lock-file" :recipe
       (:package "dash" :fetcher github :repo "magnars/dash.el" :files
		 ("dash.el" "dash.texi") :source "MELPA" :protocol
		 https :inherit t :depth treeless :ref
		 "fcb5d831fc08a43f984242c7509870f30983c27c"))
 (denote :source "elpaca-menu-lock-file" :recipe
	 (:package "denote" :repo
		   ("https://github.com/protesilaos/denote" . "denote")
		   :files
		   ("*" (:exclude ".git" "COPYING" "doclicense.texi"))
		   :source "GNU ELPA" :protocol https :inherit t
		   :depth treeless :ref
		   "e57f38f25bdbd12294c0f159a795686938a77eb9"))
 (denote-explore :source "elpaca-menu-lock-file" :recipe
		 (:package "denote-explore" :repo
			   "pprevos/denote-explore" :fetcher github
			   :files (:defaults "*.html") :source "MELPA"
			   :protocol https :inherit t :depth treeless
			   :ref
			   "bd5b6db435b93a2c6da694b196b4b41c5b17f68a"))
 (elpaca :source
   "elpaca-menu-lock-file" :recipe
   (:source nil :protocol https :inherit ignore :depth 1 :repo
	    "https://github.com/progfolio/elpaca.git" :ref
	    "45c56a968fd5903bbcbb1fafbf3b6e50e64c4393" :files
	    (:defaults "elpaca-test.el" (:exclude "extensions"))
	    :build (:not elpaca--activate-package) :package "elpaca"))
 (elpaca-use-package :source "elpaca-menu-lock-file" :recipe
		     (:package "elpaca-use-package" :wait t :repo
			       "https://github.com/progfolio/elpaca.git"
			       :files
			       ("extensions/elpaca-use-package.el")
			       :main
			       "extensions/elpaca-use-package.el"
			       :build (:not elpaca--compile-info)
			       :source "Elpaca extensions" :protocol
			       https :inherit t :depth treeless :ref
			       "45c56a968fd5903bbcbb1fafbf3b6e50e64c4393"))
 (embark :source "elpaca-menu-lock-file" :recipe
	 (:package "embark" :repo "oantolin/embark" :fetcher github
		   :files ("embark.el" "embark-org.el" "embark.texi")
		   :source "MELPA" :protocol https :inherit t :depth
		   treeless :ref
		   "923d0ec52e2e3e0ae44e497c31c7888e87d08a8f"))
 (embark-consult :source "elpaca-menu-lock-file" :recipe
		 (:package "embark-consult" :repo "oantolin/embark"
			   :fetcher github :files
			   ("embark-consult.el") :source "MELPA"
			   :protocol https :inherit t :depth treeless
			   :ref
			   "923d0ec52e2e3e0ae44e497c31c7888e87d08a8f"))
 (gntp :source "elpaca-menu-lock-file" :recipe
       (:package "gntp" :repo "tekai/gntp.el" :fetcher github :files
		 ("*.el" "*.el.in" "dir" "*.info" "*.texi" "*.texinfo"
		  "doc/dir" "doc/*.info" "doc/*.texi" "doc/*.texinfo"
		  "lisp/*.el" "docs/dir" "docs/*.info" "docs/*.texi"
		  "docs/*.texinfo"
		  (:exclude ".dir-locals.el" "test.el" "tests.el"
			    "*-test.el" "*-tests.el" "LICENSE"
			    "README*" "*-pkg.el"))
		 :source "MELPA" :protocol https :inherit t :depth
		 treeless :ref
		 "767571135e2c0985944017dc59b0be79af222ef5"))
 (graphviz-dot-mode :source "elpaca-menu-lock-file" :recipe
		    (:package "graphviz-dot-mode" :repo
			      "ppareit/graphviz-dot-mode" :fetcher
			      github :files
			      ("*.el" "*.el.in" "dir" "*.info"
			       "*.texi" "*.texinfo" "doc/dir"
			       "doc/*.info" "doc/*.texi"
			       "doc/*.texinfo" "lisp/*.el" "docs/dir"
			       "docs/*.info" "docs/*.texi"
			       "docs/*.texinfo"
			       (:exclude ".dir-locals.el" "test.el"
					 "tests.el" "*-test.el"
					 "*-tests.el" "LICENSE"
					 "README*" "*-pkg.el"))
			      :source "MELPA" :protocol https :inherit
			      t :depth treeless :ref
			      "8ff793b13707cb511875f56e167ff7f980a31136"))
 (guess-language :source "elpaca-menu-lock-file" :recipe
		 (:package "guess-language" :fetcher github :repo
			   "tmalsburg/guess-language.el" :files
			   ("guess-language.el" "trigrams/*") :source
			   "MELPA" :protocol https :inherit t :depth
			   treeless :ref
			   "a17203d26135b970e4d7c5d101955d41303a758f"))
 (hsluv :source "elpaca-menu-lock-file" :recipe
	(:package "hsluv" :fetcher github :repo "hsluv/hsluv-emacs"
		  :files
		  ("*.el" "*.el.in" "dir" "*.info" "*.texi"
		   "*.texinfo" "doc/dir" "doc/*.info" "doc/*.texi"
		   "doc/*.texinfo" "lisp/*.el" "docs/dir"
		   "docs/*.info" "docs/*.texi" "docs/*.texinfo"
		   (:exclude ".dir-locals.el" "test.el" "tests.el"
			     "*-test.el" "*-tests.el" "LICENSE"
			     "README*" "*-pkg.el"))
		  :source "MELPA" :protocol https :inherit t :depth
		  treeless :ref
		  "c3bc5228e30d66e7dee9ff1a0694c2b976862fc0"))
 (llama :source "elpaca-menu-lock-file" :recipe
	(:package "llama" :fetcher github :repo "tarsius/llama" :files
		  ("llama.el" ".dir-locals.el") :source "MELPA"
		  :protocol https :inherit t :depth treeless :ref
		  "6a67e4253cc02aa9ce85ef96290c95198b65d913"))
 (log4e :source "elpaca-menu-lock-file" :recipe
	(:package "log4e" :repo "aki2o/log4e" :fetcher github :files
		  ("*.el" "*.el.in" "dir" "*.info" "*.texi"
		   "*.texinfo" "doc/dir" "doc/*.info" "doc/*.texi"
		   "doc/*.texinfo" "lisp/*.el" "docs/dir"
		   "docs/*.info" "docs/*.texi" "docs/*.texinfo"
		   (:exclude ".dir-locals.el" "test.el" "tests.el"
			     "*-test.el" "*-tests.el" "LICENSE"
			     "README*" "*-pkg.el"))
		  :source "MELPA" :protocol https :inherit t :depth
		  treeless :ref
		  "6d71462df9bf595d3861bfb328377346aceed422"))
 (magit :source "elpaca-menu-lock-file" :recipe
	(:package "magit" :fetcher github :repo "magit/magit" :files
		  ("lisp/magit*.el" "lisp/git-*.el" "docs/magit.texi"
		   "docs/AUTHORS.md" "LICENSE" ".dir-locals.el"
		   (:exclude "lisp/magit-section.el"))
		  :source "MELPA" :protocol https :inherit t :depth
		  treeless :ref
		  "a4f73fb2fb55f7644a80b4442379ef43840ec5e9"))
 (magit-section :source "elpaca-menu-lock-file" :recipe
		(:package "magit-section" :fetcher github :repo
			  "magit/magit" :files
			  ("lisp/magit-section.el"
			   "docs/magit-section.texi"
			   "magit-section-pkg.el")
			  :source "MELPA" :protocol https :inherit t
			  :depth treeless :ref
			  "a4f73fb2fb55f7644a80b4442379ef43840ec5e9"))
 (marginalia :source "elpaca-menu-lock-file" :recipe
	     (:package "marginalia" :repo "minad/marginalia" :fetcher
		       github :files
		       ("*.el" "*.el.in" "dir" "*.info" "*.texi"
			"*.texinfo" "doc/dir" "doc/*.info"
			"doc/*.texi" "doc/*.texinfo" "lisp/*.el"
			"docs/dir" "docs/*.info" "docs/*.texi"
			"docs/*.texinfo"
			(:exclude ".dir-locals.el" "test.el"
				  "tests.el" "*-test.el" "*-tests.el"
				  "LICENSE" "README*" "*-pkg.el"))
		       :source "MELPA" :protocol https :inherit t
		       :depth treeless :ref
		       "ea65ac9d5dccae5183a2f52e21f5545225a86e28"))
 (minions :source "elpaca-menu-lock-file" :recipe
	  (:package "minions" :fetcher github :repo "tarsius/minions"
		    :files
		    ("*.el" "*.el.in" "dir" "*.info" "*.texi"
		     "*.texinfo" "doc/dir" "doc/*.info" "doc/*.texi"
		     "doc/*.texinfo" "lisp/*.el" "docs/dir"
		     "docs/*.info" "docs/*.texi" "docs/*.texinfo"
		     (:exclude ".dir-locals.el" "test.el" "tests.el"
			       "*-test.el" "*-tests.el" "LICENSE"
			       "README*" "*-pkg.el"))
		    :source "MELPA" :protocol https :inherit t :depth
		    treeless :ref
		    "7aeabcab964fefacb15a72d983953c53e238d344"))
 (mood-line :source "elpaca-menu-lock-file" :recipe
	    (:package "mood-line" :fetcher gitlab :repo
		      "jessieh/mood-line" :files
		      ("*.el" "*.el.in" "dir" "*.info" "*.texi"
		       "*.texinfo" "doc/dir" "doc/*.info" "doc/*.texi"
		       "doc/*.texinfo" "lisp/*.el" "docs/dir"
		       "docs/*.info" "docs/*.texi" "docs/*.texinfo"
		       (:exclude ".dir-locals.el" "test.el" "tests.el"
				 "*-test.el" "*-tests.el" "LICENSE"
				 "README*" "*-pkg.el"))
		      :source "MELPA" :protocol https :inherit t
		      :depth treeless :ref
		      "a15d166249f04b047a6136856e5be109357762d3"))
 (orderless :source "elpaca-menu-lock-file" :recipe
	    (:package "orderless" :repo "oantolin/orderless" :fetcher
		      github :files
		      ("*.el" "*.el.in" "dir" "*.info" "*.texi"
		       "*.texinfo" "doc/dir" "doc/*.info" "doc/*.texi"
		       "doc/*.texinfo" "lisp/*.el" "docs/dir"
		       "docs/*.info" "docs/*.texi" "docs/*.texinfo"
		       (:exclude ".dir-locals.el" "test.el" "tests.el"
				 "*-test.el" "*-tests.el" "LICENSE"
				 "README*" "*-pkg.el"))
		      :source "MELPA" :protocol https :inherit t
		      :depth treeless :ref
		      "254f2412489bbbf62700f9d3d5f18e537841dcc3"))
 (org-alert :source "elpaca-menu-lock-file" :recipe
	    (:package "org-alert" :fetcher github :repo
		      "spegoraro/org-alert" :files
		      ("*.el" "*.el.in" "dir" "*.info" "*.texi"
		       "*.texinfo" "doc/dir" "doc/*.info" "doc/*.texi"
		       "doc/*.texinfo" "lisp/*.el" "docs/dir"
		       "docs/*.info" "docs/*.texi" "docs/*.texinfo"
		       (:exclude ".dir-locals.el" "test.el" "tests.el"
				 "*-test.el" "*-tests.el" "LICENSE"
				 "README*" "*-pkg.el"))
		      :source "MELPA" :protocol https :inherit t
		      :depth treeless :ref
		      "0bc04cea718387134c37c9fc4c22215adc3f79db"))
 (org-download :source "elpaca-menu-lock-file" :recipe
	       (:package "org-download" :repo "abo-abo/org-download"
			 :fetcher github :files
			 ("*.el" "*.el.in" "dir" "*.info" "*.texi"
			  "*.texinfo" "doc/dir" "doc/*.info"
			  "doc/*.texi" "doc/*.texinfo" "lisp/*.el"
			  "docs/dir" "docs/*.info" "docs/*.texi"
			  "docs/*.texinfo"
			  (:exclude ".dir-locals.el" "test.el"
				    "tests.el" "*-test.el"
				    "*-tests.el" "LICENSE" "README*"
				    "*-pkg.el"))
			 :source "MELPA" :protocol https :inherit t
			 :depth treeless :ref
			 "c8be2611786d1d8d666b7b4f73582de1093f25ac"))
 (org-wild-notifier :source "elpaca-menu-lock-file" :recipe
		    (:package "org-wild-notifier" :fetcher github
			      :repo "akhramov/org-wild-notifier.el"
			      :files
			      ("*.el" "*.el.in" "dir" "*.info"
			       "*.texi" "*.texinfo" "doc/dir"
			       "doc/*.info" "doc/*.texi"
			       "doc/*.texinfo" "lisp/*.el" "docs/dir"
			       "docs/*.info" "docs/*.texi"
			       "docs/*.texinfo"
			       (:exclude ".dir-locals.el" "test.el"
					 "tests.el" "*-test.el"
					 "*-tests.el" "LICENSE"
					 "README*" "*-pkg.el"))
			      :source "MELPA" :protocol https :inherit
			      t :depth treeless :ref
			      "4c1679c12ebe0e4a97494d0673a5484f9e4d0ba6"))
 (request :source "elpaca-menu-lock-file"
   :recipe
   (:package "request" :repo "tkf/emacs-request" :fetcher github
	     :files ("request.el") :source "MELPA" :protocol https
	     :inherit t :depth treeless :ref
	     "c22e3c23a6dd90f64be536e176ea0ed6113a5ba6"))
 (restart-emacs :source "elpaca-menu-lock-file" :recipe
		(:package "restart-emacs" :fetcher github :repo
			  "iqbalansari/restart-emacs" :files
			  ("*.el" "*.el.in" "dir" "*.info" "*.texi"
			   "*.texinfo" "doc/dir" "doc/*.info"
			   "doc/*.texi" "doc/*.texinfo" "lisp/*.el"
			   "docs/dir" "docs/*.info" "docs/*.texi"
			   "docs/*.texinfo"
			   (:exclude ".dir-locals.el" "test.el"
				     "tests.el" "*-test.el"
				     "*-tests.el" "LICENSE" "README*"
				     "*-pkg.el"))
			  :source "MELPA" :protocol https :inherit t
			  :depth treeless :ref
			  "1607da2bc657fe05ae01f7fdf26f716eafead02c"))
 (rg :source "elpaca-menu-lock-file" :recipe
     (:package "rg" :fetcher github :repo "dajva/rg.el" :files
	       ("*.el" "*.el.in" "dir" "*.info" "*.texi" "*.texinfo"
		"doc/dir" "doc/*.info" "doc/*.texi" "doc/*.texinfo"
		"lisp/*.el" "docs/dir" "docs/*.info" "docs/*.texi"
		"docs/*.texinfo"
		(:exclude ".dir-locals.el" "test.el" "tests.el"
			  "*-test.el" "*-tests.el" "LICENSE" "README*"
			  "*-pkg.el"))
	       :source "MELPA" :protocol https :inherit t :depth
	       treeless :ref
	       "94813ba3a7ccf3af68beb23a2c39154a99e8c9ec"))
 (transient :source "elpaca-menu-lock-file" :recipe
	    (:package "transient" :fetcher github :repo
		      "magit/transient" :files
		      ("*.el" "*.el.in" "dir" "*.info" "*.texi"
		       "*.texinfo" "doc/dir" "doc/*.info" "doc/*.texi"
		       "doc/*.texinfo" "lisp/*.el" "docs/dir"
		       "docs/*.info" "docs/*.texi" "docs/*.texinfo"
		       (:exclude ".dir-locals.el" "test.el" "tests.el"
				 "*-test.el" "*-tests.el" "LICENSE"
				 "README*" "*-pkg.el"))
		      :source "MELPA" :protocol https :inherit t
		      :depth treeless :wait t :ref
		      "415f74bf97f6dd8e76131cd5cb3a9a8f77c273e5"))
 (vertico :source "elpaca-menu-lock-file" :recipe
	  (:package "vertico" :repo "minad/vertico" :files
		    (:defaults "extensions/*") :fetcher github :source
		    "MELPA" :protocol https :inherit t :depth treeless
		    :wait t :ref
		    "bb6abf63cc439601cd65682cfd549e4b6d63d409"))
 (wakatime-mode :source "elpaca-menu-lock-file" :recipe
		(:package "wakatime-mode" :fetcher github :repo
			  "wakatime/wakatime-mode" :files
			  ("*.el" "*.el.in" "dir" "*.info" "*.texi"
			   "*.texinfo" "doc/dir" "doc/*.info"
			   "doc/*.texi" "doc/*.texinfo" "lisp/*.el"
			   "docs/dir" "docs/*.info" "docs/*.texi"
			   "docs/*.texinfo"
			   (:exclude ".dir-locals.el" "test.el"
				     "tests.el" "*-test.el"
				     "*-tests.el" "LICENSE" "README*"
				     "*-pkg.el"))
			  :source "MELPA" :protocol https :inherit t
			  :depth treeless :wait t :ref
			  "1c5b2254dd72f2ff504d6a6189a8c10be03a98d1"))
 (wgrep :source "elpaca-menu-lock-file" :recipe
	(:package "wgrep" :fetcher github :repo
		  "mhayashi1120/Emacs-wgrep" :files ("wgrep.el")
		  :source "MELPA" :protocol https :inherit t :depth
		  treeless :ref
		  "49f09ab9b706d2312cab1199e1eeb1bcd3f27f6f"))
 (with-editor :source "elpaca-menu-lock-file"
   :recipe
   (:package "with-editor" :fetcher github :repo "magit/with-editor"
	     :files
	     ("*.el" "*.el.in" "dir" "*.info" "*.texi" "*.texinfo"
	      "doc/dir" "doc/*.info" "doc/*.texi" "doc/*.texinfo"
	      "lisp/*.el" "docs/dir" "docs/*.info" "docs/*.texi"
	      "docs/*.texinfo"
	      (:exclude ".dir-locals.el" "test.el" "tests.el"
			"*-test.el" "*-tests.el" "LICENSE" "README*"
			"*-pkg.el"))
	     :source "MELPA" :protocol https :inherit t :depth
	     treeless :ref "f32cd7b09d518b629bfaa3eeb92b539891c6b9bc")))
